<Solution>
  <Folder Name="/src/">
    <Project Path="src/LightFlow.App/LightFlow.App.csproj" />
    <Project Path="src/LightFlow.Core/LightFlow.Core.csproj" />
  </Folder>
  <Folder Name="/tests/">
    <Project Path="tests/LightFlow.Core.Tests/LightFlow.Core.Tests.csproj" />
  </Folder>
</Solution>
